
Microsoft Visual Studio Solution File, Format Version 12.00
# Visual Studio Version 16
VisualStudioVersion = 16.0.30907.101
MinimumVisualStudioVersion = 10.0.40219.1
Project("{FAE04EC0-301F-11D3-BF4B-00C04F79EFBC}") = "Prototype", "Prototype\Prototype.csproj", "{01A565B4-7062-4133-99A5-BF0625AC0EA4}"
EndProject
Global
	GlobalSection(SolutionConfigurationPlatforms) = preSolution
		Debug|Any CPU = Debug|Any CPU
		Release|Any CPU = Release|Any CPU
	EndGlobalSection
	GlobalSection(ProjectConfigurationPlatforms) = postSolution
		{01A565B4-7062-4133-99A5-BF0625AC0EA4}.Debug|Any CPU.ActiveCfg = Debug|Any CPU
		{01A565B4-7062-4133-99A5-BF0625AC0EA4}.Debug|Any CPU.Build.0 = Debug|Any CPU
		{01A565B4-7062-4133-99A5-BF0625AC0EA4}.Release|Any CPU.ActiveCfg = Release|Any CPU
		{01A565B4-7062-4133-99A5-BF0625AC0EA4}.Release|Any CPU.Build.0 = Release|Any CPU
	EndGlobalSection
	GlobalSection(SolutionProperties) = preSolution
		HideSolutionNode = FALSE
	EndGlobalSection
	GlobalSection(ExtensibilityGlobals) = postSolution
		SolutionGuid = {BF94BF8E-F70B-4E63-9733-21DF98BF0CF1}
	EndGlobalSection
EndGlobal
